
Microsoft Visual Studio Solution File, Format Version 12.00
# Visual Studio Version 16
VisualStudioVersion = 16.0.32002.261
MinimumVisualStudioVersion = 10.0.40219.1
Project("{FAE04EC0-301F-11D3-BF4B-00C04F79EFBC}") = "ApiCatalogoJogos", "ApiCatalogoJogos\ApiCatalogoJogos.csproj", "{A2412FF3-9DC7-46C2-803C-195BCA3AD9EC}"
EndProject
Global
	GlobalSection(SolutionConfigurationPlatforms) = preSolution
		Debug|Any CPU = Debug|Any CPU
		Release|Any CPU = Release|Any CPU
	EndGlobalSection
	GlobalSection(ProjectConfigurationPlatforms) = postSolution
		{A2412FF3-9DC7-46C2-803C-195BCA3AD9EC}.Debug|Any CPU.ActiveCfg = Debug|Any CPU
		{A2412FF3-9DC7-46C2-803C-195BCA3AD9EC}.Debug|Any CPU.Build.0 = Debug|Any CPU
		{A2412FF3-9DC7-46C2-803C-195BCA3AD9EC}.Release|Any CPU.ActiveCfg = Release|Any CPU
		{A2412FF3-9DC7-46C2-803C-195BCA3AD9EC}.Release|Any CPU.Build.0 = Release|Any CPU
	EndGlobalSection
	GlobalSection(SolutionProperties) = preSolution
		HideSolutionNode = FALSE
	EndGlobalSection
	GlobalSection(ExtensibilityGlobals) = postSolution
		SolutionGuid = {345518B8-498B-49BD-B7C7-067D09DBBE5A}
	EndGlobalSection
EndGlobal
